
Microsoft Visual Studio Solution File, Format Version 12.00
# Visual Studio Version 16
VisualStudioVersion = 16.0.31424.327
MinimumVisualStudioVersion = 10.0.40219.1
Project("{FAE04EC0-301F-11D3-BF4B-00C04F79EFBC}") = "GroupProject", "GroupProject.csproj", "{7025A01B-1D41-45CF-8AEC-ECE3A45FEA89}"
EndProject
Global
	GlobalSection(SolutionConfigurationPlatforms) = preSolution
		Debug|Any CPU = Debug|Any CPU
		Release|Any CPU = Release|Any CPU
	EndGlobalSection
	GlobalSection(ProjectConfigurationPlatforms) = postSolution
		{7025A01B-1D41-45CF-8AEC-ECE3A45FEA89}.Debug|Any CPU.ActiveCfg = Debug|Any CPU
		{7025A01B-1D41-45CF-8AEC-ECE3A45FEA89}.Debug|Any CPU.Build.0 = Debug|Any CPU
		{7025A01B-1D41-45CF-8AEC-ECE3A45FEA89}.Release|Any CPU.ActiveCfg = Release|Any CPU
		{7025A01B-1D41-45CF-8AEC-ECE3A45FEA89}.Release|Any CPU.Build.0 = Release|Any CPU
	EndGlobalSection
	GlobalSection(SolutionProperties) = preSolution
		HideSolutionNode = FALSE
	EndGlobalSection
	GlobalSection(ExtensibilityGlobals) = postSolution
		SolutionGuid = {45E1D5DC-75EF-40A1-9024-0A33A164A851}
	EndGlobalSection
EndGlobal
